
Microsoft Visual Studio Solution File, Format Version 12.00
# Visual Studio 15
VisualStudioVersion = 15.0.27428.2015
MinimumVisualStudioVersion = 10.0.40219.1
Project("{FAE04EC0-301F-11D3-BF4B-00C04F79EFBC}") = "NostaleFilesToChickenAPI", "src\NostaleFilesToChickenAPI\NostaleFilesToChickenAPI.csproj", "{BE429D0E-1080-4EFC-AFE1-A0F2476EC15E}"
EndProject
Global
	GlobalSection(SolutionConfigurationPlatforms) = preSolution
		Debug|Any CPU = Debug|Any CPU
		Release|Any CPU = Release|Any CPU
	EndGlobalSection
	GlobalSection(ProjectConfigurationPlatforms) = postSolution
		{BE429D0E-1080-4EFC-AFE1-A0F2476EC15E}.Debug|Any CPU.ActiveCfg = Debug|Any CPU
		{BE429D0E-1080-4EFC-AFE1-A0F2476EC15E}.Debug|Any CPU.Build.0 = Debug|Any CPU
		{BE429D0E-1080-4EFC-AFE1-A0F2476EC15E}.Release|Any CPU.ActiveCfg = Release|Any CPU
		{BE429D0E-1080-4EFC-AFE1-A0F2476EC15E}.Release|Any CPU.Build.0 = Release|Any CPU
	EndGlobalSection
	GlobalSection(SolutionProperties) = preSolution
		HideSolutionNode = FALSE
	EndGlobalSection
	GlobalSection(ExtensibilityGlobals) = postSolution
		SolutionGuid = {AAB4926D-D574-4CCA-88EE-8CD1DB2C0779}
	EndGlobalSection
EndGlobal
